
Microsoft Visual Studio Solution File, Format Version 12.00
# Visual Studio Version 17
VisualStudioVersion = 17.2.32616.157
MinimumVisualStudioVersion = 10.0.40219.1
Project("{FAE04EC0-301F-11D3-BF4B-00C04F79EFBC}") = "SocialNetwork", "SocialNetwork\SocialNetwork.csproj", "{4A9E2F99-3BCC-4D24-87F7-B38CAC077BBD}"
EndProject
Project("{2150E333-8FDC-42A3-9474-1A3956D46DE8}") = "Элементы решения", "Элементы решения", "{F936EB72-945B-4058-8F42-7DC60FC2BA97}"
	ProjectSection(SolutionItems) = preProject
		.gitignore = .gitignore
		README.md = README.md
	EndProjectSection
EndProject
Global
	GlobalSection(SolutionConfigurationPlatforms) = preSolution
		Debug|Any CPU = Debug|Any CPU
		Release|Any CPU = Release|Any CPU
	EndGlobalSection
	GlobalSection(ProjectConfigurationPlatforms) = postSolution
		{4A9E2F99-3BCC-4D24-87F7-B38CAC077BBD}.Debug|Any CPU.ActiveCfg = Debug|Any CPU
		{4A9E2F99-3BCC-4D24-87F7-B38CAC077BBD}.Debug|Any CPU.Build.0 = Debug|Any CPU
		{4A9E2F99-3BCC-4D24-87F7-B38CAC077BBD}.Release|Any CPU.ActiveCfg = Release|Any CPU
		{4A9E2F99-3BCC-4D24-87F7-B38CAC077BBD}.Release|Any CPU.Build.0 = Release|Any CPU
	EndGlobalSection
	GlobalSection(SolutionProperties) = preSolution
		HideSolutionNode = FALSE
	EndGlobalSection
	GlobalSection(ExtensibilityGlobals) = postSolution
		SolutionGuid = {5E9A585A-57A3-4821-B075-256B43C2D322}
	EndGlobalSection
EndGlobal
